// !$*UTF8*$!
{
	archiveVersion = 1;
	classes = {
	};
	objectVersion = 46;
	objects = {

/* Begin PBXBuildFile section */
		257C1A211CB5426400D3B079 /* rain.mp3 in Resources */ = {isa = PBXBuildFile; fileRef = 257C1A201CB5426400D3B079 /* rain.mp3 */; };
		25ECF6021CB3E96B0002DB87 /* UIImageExt.swift in Sources */ = {isa = PBXBuildFile; fileRef = 25ECF6011CB3E96B0002DB87 /* UIImageExt.swift */; };
		B23054251CB215E600D0C389 /* AppDelegate.swift in Sources */ = {isa = PBXBuildFile; fileRef = B23054241CB215E600D0C389 /* AppDelegate.swift */; };
		B23054271CB215E600D0C389 /* ViewController.swift in Sources */ = {isa = PBXBuildFile; fileRef = B23054261CB215E600D0C389 /* ViewController.swift */; };
		B230542A1CB215E600D0C389 /* Main.storyboard in Resources */ = {isa = PBXBuildFile; fileRef = B23054281CB215E600D0C389 /* Main.storyboard */; };
		B230542C1CB215E600D0C389 /* Assets.xcassets in Resources */ = {isa = PBXBuildFile; fileRef = B230542B1CB215E600D0C389 /* Assets.xcassets */; };
		B230542F1CB215E600D0C389 /* LaunchScreen.storyboard in Resources */ = {isa = PBXBuildFile; fileRef = B230542D1CB215E600D0C389 /* LaunchScreen.storyboard */; };
		B230543A1CB21A4B00D0C389 /* IMuzikViewController.swift in Sources */ = {isa = PBXBuildFile; fileRef = B23054391CB21A4B00D0C389 /* IMuzikViewController.swift */; };
		B230543C1CB21AFF00D0C389 /* SettingViewController.swift in Sources */ = {isa = PBXBuildFile; fileRef = B230543B1CB21AFF00D0C389 /* SettingViewController.swift */; };
		B23054401CB21EA800D0C389 /* MuzikCell.swift in Sources */ = {isa = PBXBuildFile; fileRef = B230543E1CB21EA800D0C389 /* MuzikCell.swift */; };
		B23054411CB21EA800D0C389 /* MuzikCell.xib in Resources */ = {isa = PBXBuildFile; fileRef = B230543F1CB21EA800D0C389 /* MuzikCell.xib */; };
		B25FB8BE1CB4A5A200B2B10F /* audiowave.png in Resources */ = {isa = PBXBuildFile; fileRef = B25FB8B01CB4A5A200B2B10F /* audiowave.png */; };
		B25FB8BF1CB4A5A200B2B10F /* cafe.png in Resources */ = {isa = PBXBuildFile; fileRef = B25FB8B11CB4A5A200B2B10F /* cafe.png */; };
		B25FB8C01CB4A5A200B2B10F /* fan.png in Resources */ = {isa = PBXBuildFile; fileRef = B25FB8B21CB4A5A200B2B10F /* fan.png */; };
		B25FB8C11CB4A5A200B2B10F /* fire.png in Resources */ = {isa = PBXBuildFile; fileRef = B25FB8B31CB4A5A200B2B10F /* fire.png */; };
		B25FB8C21CB4A5A200B2B10F /* forrest.png in Resources */ = {isa = PBXBuildFile; fileRef = B25FB8B41CB4A5A200B2B10F /* forrest.png */; };
		B25FB8C31CB4A5A200B2B10F /* leaves.png in Resources */ = {isa = PBXBuildFile; fileRef = B25FB8B51CB4A5A200B2B10F /* leaves.png */; };
		B25FB8C41CB4A5A200B2B10F /* moon.png in Resources */ = {isa = PBXBuildFile; fileRef = B25FB8B61CB4A5A200B2B10F /* moon.png */; };
		B25FB8C51CB4A5A200B2B10F /* PS_BG.png in Resources */ = {isa = PBXBuildFile; fileRef = B25FB8B71CB4A5A200B2B10F /* PS_BG.png */; };
		B25FB8C61CB4A5A200B2B10F /* rain.png in Resources */ = {isa = PBXBuildFile; fileRef = B25FB8B81CB4A5A200B2B10F /* rain.png */; };
		B25FB8C71CB4A5A200B2B10F /* seaside.png in Resources */ = {isa = PBXBuildFile; fileRef = B25FB8B91CB4A5A200B2B10F /* seaside.png */; };
		B25FB8C81CB4A5A200B2B10F /* thunderstorm.png in Resources */ = {isa = PBXBuildFile; fileRef = B25FB8BA1CB4A5A200B2B10F /* thunderstorm.png */; };
		B25FB8C91CB4A5A200B2B10F /* train.png in Resources */ = {isa = PBXBuildFile; fileRef = B25FB8BB1CB4A5A200B2B10F /* train.png */; };
		B25FB8CA1CB4A5A200B2B10F /* water.png in Resources */ = {isa = PBXBuildFile; fileRef = B25FB8BC1CB4A5A200B2B10F /* water.png */; };
		B25FB8CB1CB4A5A200B2B10F /* waterstream.png in Resources */ = {isa = PBXBuildFile; fileRef = B25FB8BD1CB4A5A200B2B10F /* waterstream.png */; };
		B25FB8CD1CB4A5AB00B2B10F /* thunderstorm.mp3 in Resources */ = {isa = PBXBuildFile; fileRef = B25FB8CC1CB4A5AB00B2B10F /* thunderstorm.mp3 */; };
		B25FB8CF1CB4B9C600B2B10F /* AVFoundation.framework in Frameworks */ = {isa = PBXBuildFile; fileRef = B25FB8CE1CB4B9C600B2B10F /* AVFoundation.framework */; };
		B25FB8D11CB4B9D700B2B10F /* AVKit.framework in Frameworks */ = {isa = PBXBuildFile; fileRef = B25FB8D01CB4B9D700B2B10F /* AVKit.framework */; };
		B25FB8DE1CB4C5E400B2B10F /* audiowave.mp3 in Resources */ = {isa = PBXBuildFile; fileRef = B25FB8D21CB4C5E400B2B10F /* audiowave.mp3 */; };
		B25FB8DF1CB4C5E400B2B10F /* cafe.mp3 in Resources */ = {isa = PBXBuildFile; fileRef = B25FB8D31CB4C5E400B2B10F /* cafe.mp3 */; };
		B25FB8E01CB4C5E400B2B10F /* fan.mp3 in Resources */ = {isa = PBXBuildFile; fileRef = B25FB8D41CB4C5E400B2B10F /* fan.mp3 */; };
		B25FB8E11CB4C5E400B2B10F /* fire.mp3 in Resources */ = {isa = PBXBuildFile; fileRef = B25FB8D51CB4C5E400B2B10F /* fire.mp3 */; };
		B25FB8E21CB4C5E400B2B10F /* forrest.mp3 in Resources */ = {isa = PBXBuildFile; fileRef = B25FB8D61CB4C5E400B2B10F /* forrest.mp3 */; };
		B25FB8E31CB4C5E400B2B10F /* leaves.mp3 in Resources */ = {isa = PBXBuildFile; fileRef = B25FB8D71CB4C5E400B2B10F /* leaves.mp3 */; };
		B25FB8E41CB4C5E400B2B10F /* moon.mp3 in Resources */ = {isa = PBXBuildFile; fileRef = B25FB8D81CB4C5E400B2B10F /* moon.mp3 */; };
		B25FB8E51CB4C5E400B2B10F /* seaside.mp3 in Resources */ = {isa = PBXBuildFile; fileRef = B25FB8D91CB4C5E400B2B10F /* seaside.mp3 */; };
		B25FB8E61CB4C5E400B2B10F /* train.mp3 in Resources */ = {isa = PBXBuildFile; fileRef = B25FB8DA1CB4C5E400B2B10F /* train.mp3 */; };
		B25FB8E71CB4C5E400B2B10F /* water.mp3 in Resources */ = {isa = PBXBuildFile; fileRef = B25FB8DB1CB4C5E400B2B10F /* water.mp3 */; };
		B25FB8E81CB4C5E400B2B10F /* waterstream.mp3 in Resources */ = {isa = PBXBuildFile; fileRef = B25FB8DC1CB4C5E400B2B10F /* waterstream.mp3 */; };
		B25FB8E91CB4C5E400B2B10F /* wind.mp3 in Resources */ = {isa = PBXBuildFile; fileRef = B25FB8DD1CB4C5E400B2B10F /* wind.mp3 */; };
		B2DC16041CB7923A0019587C /* tab1_icon.png in Resources */ = {isa = PBXBuildFile; fileRef = B2DC16031CB7923A0019587C /* tab1_icon.png */; };
		B2DC16061CB795050019587C /* tab2_icon.png in Resources */ = {isa = PBXBuildFile; fileRef = B2DC16051CB795050019587C /* tab2_icon.png */; };
/* End PBXBuildFile section */

/* Begin PBXFileReference section */
		257C1A201CB5426400D3B079 /* rain.mp3 */ = {isa = PBXFileReference; lastKnownFileType = audio.mp3; name = rain.mp3; path = Resource/sound/rain.mp3; sourceTree = "<group>"; };
		25ECF6011CB3E96B0002DB87 /* UIImageExt.swift */ = {isa = PBXFileReference; fileEncoding = 4; lastKnownFileType = sourcecode.swift; name = UIImageExt.swift; path = extention/UIImageExt.swift; sourceTree = "<group>"; };
		B23054211CB215E600D0C389 /* MixApp.app */ = {isa = PBXFileReference; explicitFileType = wrapper.application; includeInIndex = 0; path = MixApp.app; sourceTree = BUILT_PRODUCTS_DIR; };
		B23054241CB215E600D0C389 /* AppDelegate.swift */ = {isa = PBXFileReference; lastKnownFileType = sourcecode.swift; path = AppDelegate.swift; sourceTree = "<group>"; };
		B23054261CB215E600D0C389 /* ViewController.swift */ = {isa = PBXFileReference; lastKnownFileType = sourcecode.swift; path = ViewController.swift; sourceTree = "<group>"; };
		B23054291CB215E600D0C389 /* Base */ = {isa = PBXFileReference; lastKnownFileType = file.storyboard; name = Base; path = Base.lproj/Main.storyboard; sourceTree = "<group>"; };
		B230542B1CB215E600D0C389 /* Assets.xcassets */ = {isa = PBXFileReference; lastKnownFileType = folder.assetcatalog; path = Assets.xcassets; sourceTree = "<group>"; };
		B230542E1CB215E600D0C389 /* Base */ = {isa = PBXFileReference; lastKnownFileType = file.storyboard; name = Base; path = Base.lproj/LaunchScreen.storyboard; sourceTree = "<group>"; };
		B23054301CB215E600D0C389 /* Info.plist */ = {isa = PBXFileReference; lastKnownFileType = text.plist.xml; path = Info.plist; sourceTree = "<group>"; };
		B23054391CB21A4B00D0C389 /* IMuzikViewController.swift */ = {isa = PBXFileReference; fileEncoding = 4; lastKnownFileType = sourcecode.swift; name = IMuzikViewController.swift; path = ViewController/IMuzikViewController.swift; sourceTree = "<group>"; };
		B230543B1CB21AFF00D0C389 /* SettingViewController.swift */ = {isa = PBXFileReference; fileEncoding = 4; lastKnownFileType = sourcecode.swift; name = SettingViewController.swift; path = ViewController/SettingViewController.swift; sourceTree = "<group>"; };
		B230543E1CB21EA800D0C389 /* MuzikCell.swift */ = {isa = PBXFileReference; fileEncoding = 4; lastKnownFileType = sourcecode.swift; name = MuzikCell.swift; path = CustomCell/MuzikCell.swift; sourceTree = "<group>"; };
		B230543F1CB21EA800D0C389 /* MuzikCell.xib */ = {isa = PBXFileReference; fileEncoding = 4; lastKnownFileType = file.xib; name = MuzikCell.xib; path = CustomCell/MuzikCell.xib; sourceTree = "<group>"; };
		B25FB8B01CB4A5A200B2B10F /* audiowave.png */ = {isa = PBXFileReference; lastKnownFileType = image.png; name = audiowave.png; path = Resource/image/audiowave.png; sourceTree = "<group>"; };
		B25FB8B11CB4A5A200B2B10F /* cafe.png */ = {isa = PBXFileReference; lastKnownFileType = image.png; name = cafe.png; path = Resource/image/cafe.png; sourceTree = "<group>"; };
		B25FB8B21CB4A5A200B2B10F /* fan.png */ = {isa = PBXFileReference; lastKnownFileType = image.png; name = fan.png; path = Resource/image/fan.png; sourceTree = "<group>"; };
		B25FB8B31CB4A5A200B2B10F /* fire.png */ = {isa = PBXFileReference; lastKnownFileType = image.png; name = fire.png; path = Resource/image/fire.png; sourceTree = "<group>"; };
		B25FB8B41CB4A5A200B2B10F /* forrest.png */ = {isa = PBXFileReference; lastKnownFileType = image.png; name = forrest.png; path = Resource/image/forrest.png; sourceTree = "<group>"; };
		B25FB8B51CB4A5A200B2B10F /* leaves.png */ = {isa = PBXFileReference; lastKnownFileType = image.png; name = leaves.png; path = Resource/image/leaves.png; sourceTree = "<group>"; };
		B25FB8B61CB4A5A200B2B10F /* moon.png */ = {isa = PBXFileReference; lastKnownFileType = image.png; name = moon.png; path = Resource/image/moon.png; sourceTree = "<group>"; };
		B25FB8B71CB4A5A200B2B10F /* PS_BG.png */ = {isa = PBXFileReference; lastKnownFileType = image.png; name = PS_BG.png; path = Resource/image/PS_BG.png; sourceTree = "<group>"; };
		B25FB8B81CB4A5A200B2B10F /* rain.png */ = {isa = PBXFileReference; lastKnownFileType = image.png; name = rain.png; path = Resource/image/rain.png; sourceTree = "<group>"; };
		B25FB8B91CB4A5A200B2B10F /* seaside.png */ = {isa = PBXFileReference; lastKnownFileType = image.png; name = seaside.png; path = Resource/image/seaside.png; sourceTree = "<group>"; };
		B25FB8BA1CB4A5A200B2B10F /* thunderstorm.png */ = {isa = PBXFileReference; lastKnownFileType = image.png; name = thunderstorm.png; path = Resource/image/thunderstorm.png; sourceTree = "<group>"; };
		B25FB8BB1CB4A5A200B2B10F /* train.png */ = {isa = PBXFileReference; lastKnownFileType = image.png; name = train.png; path = Resource/image/train.png; sourceTree = "<group>"; };
		B25FB8BC1CB4A5A200B2B10F /* water.png */ = {isa = PBXFileReference; lastKnownFileType = image.png; name = water.png; path = Resource/image/water.png; sourceTree = "<group>"; };
		B25FB8BD1CB4A5A200B2B10F /* waterstream.png */ = {isa = PBXFileReference; lastKnownFileType = image.png; name = waterstream.png; path = Resource/image/waterstream.png; sourceTree = "<group>"; };
		B25FB8CC1CB4A5AB00B2B10F /* thunderstorm.mp3 */ = {isa = PBXFileReference; lastKnownFileType = audio.mp3; name = thunderstorm.mp3; path = Resource/sound/thunderstorm.mp3; sourceTree = "<group>"; };
		B25FB8CE1CB4B9C600B2B10F /* AVFoundation.framework */ = {isa = PBXFileReference; lastKnownFileType = wrapper.framework; name = AVFoundation.framework; path = System/Library/Frameworks/AVFoundation.framework; sourceTree = SDKROOT; };
		B25FB8D01CB4B9D700B2B10F /* AVKit.framework */ = {isa = PBXFileReference; lastKnownFileType = wrapper.framework; name = AVKit.framework; path = System/Library/Frameworks/AVKit.framework; sourceTree = SDKROOT; };
		B25FB8D21CB4C5E400B2B10F /* audiowave.mp3 */ = {isa = PBXFileReference; lastKnownFileType = audio.mp3; name = audiowave.mp3; path = Resource/sound/audiowave.mp3; sourceTree = "<group>"; };
		B25FB8D31CB4C5E400B2B10F /* cafe.mp3 */ = {isa = PBXFileReference; lastKnownFileType = audio.mp3; name = cafe.mp3; path = Resource/sound/cafe.mp3; sourceTree = "<group>"; };
		B25FB8D41CB4C5E400B2B10F /* fan.mp3 */ = {isa = PBXFileReference; lastKnownFileType = audio.mp3; name = fan.mp3; path = Resource/sound/fan.mp3; sourceTree = "<group>"; };
		B25FB8D51CB4C5E400B2B10F /* fire.mp3 */ = {isa = PBXFileReference; lastKnownFileType = audio.mp3; name = fire.mp3; path = Resource/sound/fire.mp3; sourceTree = "<group>"; };
		B25FB8D61CB4C5E400B2B10F /* forrest.mp3 */ = {isa = PBXFileReference; lastKnownFileType = audio.mp3; name = forrest.mp3; path = Resource/sound/forrest.mp3; sourceTree = "<group>"; };
		B25FB8D71CB4C5E400B2B10F /* leaves.mp3 */ = {isa = PBXFileReference; lastKnownFileType = audio.mp3; name = leaves.mp3; path = Resource/sound/leaves.mp3; sourceTree = "<group>"; };
		B25FB8D81CB4C5E400B2B10F /* moon.mp3 */ = {isa = PBXFileReference; lastKnownFileType = audio.mp3; name = moon.mp3; path = Resource/sound/moon.mp3; sourceTree = "<group>"; };
		B25FB8D91CB4C5E400B2B10F /* seaside.mp3 */ = {isa = PBXFileReference; lastKnownFileType = audio.mp3; name = seaside.mp3; path = Resource/sound/seaside.mp3; sourceTree = "<group>"; };
		B25FB8DA1CB4C5E400B2B10F /* train.mp3 */ = {isa = PBXFileReference; lastKnownFileType = audio.mp3; name = train.mp3; path = Resource/sound/train.mp3; sourceTree = "<group>"; };
		B25FB8DB1CB4C5E400B2B10F /* water.mp3 */ = {isa = PBXFileReference; lastKnownFileType = audio.mp3; name = water.mp3; path = Resource/sound/water.mp3; sourceTree = "<group>"; };
		B25FB8DC1CB4C5E400B2B10F /* waterstream.mp3 */ = {isa = PBXFileReference; lastKnownFileType = audio.mp3; name = waterstream.mp3; path = Resource/sound/waterstream.mp3; sourceTree = "<group>"; };
		B25FB8DD1CB4C5E400B2B10F /* wind.mp3 */ = {isa = PBXFileReference; lastKnownFileType = audio.mp3; name = wind.mp3; path = Resource/sound/wind.mp3; sourceTree = "<group>"; };
		B2DC16031CB7923A0019587C /* tab1_icon.png */ = {isa = PBXFileReference; lastKnownFileType = image.png; path = tab1_icon.png; sourceTree = "<group>"; };
		B2DC16051CB795050019587C /* tab2_icon.png */ = {isa = PBXFileReference; lastKnownFileType = image.png; path = tab2_icon.png; sourceTree = "<group>"; };
/* End PBXFileReference section */

/* Begin PBXFrameworksBuildPhase section */
		B230541E1CB215E600D0C389 /* Frameworks */ = {
			isa = PBXFrameworksBuildPhase;
			buildActionMask = 2147483647;
			files = (
				B25FB8D11CB4B9D700B2B10F /* AVKit.framework in Frameworks */,
				B25FB8CF1CB4B9C600B2B10F /* AVFoundation.framework in Frameworks */,
			);
			runOnlyForDeploymentPostprocessing = 0;
		};
/* End PBXFrameworksBuildPhase section */

/* Begin PBXGroup section */
		25ECF5CE1CB3D8EC0002DB87 /* Button Img */ = {
			isa = PBXGroup;
			children = (
				B2DC16051CB795050019587C /* tab2_icon.png */,
				B2DC16031CB7923A0019587C /* tab1_icon.png */,
				B25FB8B01CB4A5A200B2B10F /* audiowave.png */,
				B25FB8B11CB4A5A200B2B10F /* cafe.png */,
				B25FB8B21CB4A5A200B2B10F /* fan.png */,
				B25FB8B31CB4A5A200B2B10F /* fire.png */,
				B25FB8B41CB4A5A200B2B10F /* forrest.png */,
				B25FB8B51CB4A5A200B2B10F /* leaves.png */,
				B25FB8B61CB4A5A200B2B10F /* moon.png */,
				B25FB8B71CB4A5A200B2B10F /* PS_BG.png */,
				B25FB8B81CB4A5A200B2B10F /* rain.png */,
				B25FB8B91CB4A5A200B2B10F /* seaside.png */,
				B25FB8BA1CB4A5A200B2B10F /* thunderstorm.png */,
				B25FB8BB1CB4A5A200B2B10F /* train.png */,
				B25FB8BC1CB4A5A200B2B10F /* water.png */,
				B25FB8BD1CB4A5A200B2B10F /* waterstream.png */,
			);
			name = "Button Img";
			sourceTree = "<group>";
		};
		25ED5CAC1CB38FD9001E3D63 /* Resource */ = {
			isa = PBXGroup;
			children = (
				B25FB8AF1CB4A42400B2B10F /* sound */,
				25ECF5CE1CB3D8EC0002DB87 /* Button Img */,
			);
			name = Resource;
			sourceTree = "<group>";
		};
		B23054181CB215E600D0C389 = {
			isa = PBXGroup;
			children = (
				B25FB8D01CB4B9D700B2B10F /* AVKit.framework */,
				B25FB8CE1CB4B9C600B2B10F /* AVFoundation.framework */,
				B23054231CB215E600D0C389 /* MixApp */,
				B23054221CB215E600D0C389 /* Products */,
			);
			sourceTree = "<group>";
		};
		B23054221CB215E600D0C389 /* Products */ = {
			isa = PBXGroup;
			children = (
				B23054211CB215E600D0C389 /* MixApp.app */,
			);
			name = Products;
			sourceTree = "<group>";
		};
		B23054231CB215E600D0C389 /* MixApp */ = {
			isa = PBXGroup;
			children = (
				25ED5CAC1CB38FD9001E3D63 /* Resource */,
				B230543D1CB21E6E00D0C389 /* CustomCell */,
				B23054361CB219D800D0C389 /* ViewController */,
				B23054241CB215E600D0C389 /* AppDelegate.swift */,
				B23054281CB215E600D0C389 /* Main.storyboard */,
				B230542B1CB215E600D0C389 /* Assets.xcassets */,
				B230542D1CB215E600D0C389 /* LaunchScreen.storyboard */,
				B23054301CB215E600D0C389 /* Info.plist */,
				25ECF6011CB3E96B0002DB87 /* UIImageExt.swift */,
			);
			path = MixApp;
			sourceTree = "<group>";
		};
		B23054361CB219D800D0C389 /* ViewController */ = {
			isa = PBXGroup;
			children = (
				B23054391CB21A4B00D0C389 /* IMuzikViewController.swift */,
				B230543B1CB21AFF00D0C389 /* SettingViewController.swift */,
				B23054261CB215E600D0C389 /* ViewController.swift */,
			);
			name = ViewController;
			sourceTree = "<group>";
		};
		B230543D1CB21E6E00D0C389 /* CustomCell */ = {
			isa = PBXGroup;
			children = (
				B230543E1CB21EA800D0C389 /* MuzikCell.swift */,
				B230543F1CB21EA800D0C389 /* MuzikCell.xib */,
			);
			name = CustomCell;
			sourceTree = "<group>";
		};
		B25FB8AF1CB4A42400B2B10F /* sound */ = {
			isa = PBXGroup;
			children = (
				B25FB8D21CB4C5E400B2B10F /* audiowave.mp3 */,
				B25FB8D31CB4C5E400B2B10F /* cafe.mp3 */,
				B25FB8D41CB4C5E400B2B10F /* fan.mp3 */,
				B25FB8D51CB4C5E400B2B10F /* fire.mp3 */,
				B25FB8D61CB4C5E400B2B10F /* forrest.mp3 */,
				B25FB8D71CB4C5E400B2B10F /* leaves.mp3 */,
				B25FB8D81CB4C5E400B2B10F /* moon.mp3 */,
				257C1A201CB5426400D3B079 /* rain.mp3 */,
				B25FB8D91CB4C5E400B2B10F /* seaside.mp3 */,
				B25FB8CC1CB4A5AB00B2B10F /* thunderstorm.mp3 */,
				B25FB8DA1CB4C5E400B2B10F /* train.mp3 */,
				B25FB8DB1CB4C5E400B2B10F /* water.mp3 */,
				B25FB8DC1CB4C5E400B2B10F /* waterstream.mp3 */,
				B25FB8DD1CB4C5E400B2B10F /* wind.mp3 */,
			);
			name = sound;
			sourceTree = "<group>";
		};
/* End PBXGroup section */

/* Begin PBXNativeTarget section */
		B23054201CB215E600D0C389 /* MixApp */ = {
			isa = PBXNativeTarget;
			buildConfigurationList = B23054331CB215E600D0C389 /* Build configuration list for PBXNativeTarget "MixApp" */;
			buildPhases = (
				B230541D1CB215E600D0C389 /* Sources */,
				B230541E1CB215E600D0C389 /* Frameworks */,
				B230541F1CB215E600D0C389 /* Resources */,
			);
			buildRules = (
			);
			dependencies = (
			);
			name = MixApp;
			productName = MixApp;
			productReference = B23054211CB215E600D0C389 /* MixApp.app */;
			productType = "com.apple.product-type.application";
		};
/* End PBXNativeTarget section */

/* Begin PBXProject section */
		B23054191CB215E600D0C389 /* Project object */ = {
			isa = PBXProject;
			attributes = {
				LastSwiftUpdateCheck = 0730;
				LastUpgradeCheck = 0730;
				ORGANIZATIONNAME = "Thinh Nguyen";
				TargetAttributes = {
					B23054201CB215E600D0C389 = {
						CreatedOnToolsVersion = 7.3;
					};
				};
			};
			buildConfigurationList = B230541C1CB215E600D0C389 /* Build configuration list for PBXProject "MixApp" */;
			compatibilityVersion = "Xcode 3.2";
			developmentRegion = English;
			hasScannedForEncodings = 0;
			knownRegions = (
				en,
				Base,
			);
			mainGroup = B23054181CB215E600D0C389;
			productRefGroup = B23054221CB215E600D0C389 /* Products */;
			projectDirPath = "";
			projectRoot = "";
			targets = (
				B23054201CB215E600D0C389 /* MixApp */,
			);
		};
/* End PBXProject section */

/* Begin PBXResourcesBuildPhase section */
		B230541F1CB215E600D0C389 /* Resources */ = {
			isa = PBXResourcesBuildPhase;
			buildActionMask = 2147483647;
			files = (
				B25FB8DE1CB4C5E400B2B10F /* audiowave.mp3 in Resources */,
				B25FB8E61CB4C5E400B2B10F /* train.mp3 in Resources */,
				B25FB8BE1CB4A5A200B2B10F /* audiowave.png in Resources */,
				B25FB8C31CB4A5A200B2B10F /* leaves.png in Resources */,
				B25FB8E11CB4C5E400B2B10F /* fire.mp3 in Resources */,
				B25FB8C11CB4A5A200B2B10F /* fire.png in Resources */,
				B25FB8E81CB4C5E400B2B10F /* waterstream.mp3 in Resources */,
				B230542F1CB215E600D0C389 /* LaunchScreen.storyboard in Resources */,
				B25FB8E31CB4C5E400B2B10F /* leaves.mp3 in Resources */,
				B25FB8E21CB4C5E400B2B10F /* forrest.mp3 in Resources */,
				B25FB8C21CB4A5A200B2B10F /* forrest.png in Resources */,
				B25FB8BF1CB4A5A200B2B10F /* cafe.png in Resources */,
				B2DC16061CB795050019587C /* tab2_icon.png in Resources */,
				B230542C1CB215E600D0C389 /* Assets.xcassets in Resources */,
				B25FB8C81CB4A5A200B2B10F /* thunderstorm.png in Resources */,
				B25FB8C61CB4A5A200B2B10F /* rain.png in Resources */,
				B25FB8CD1CB4A5AB00B2B10F /* thunderstorm.mp3 in Resources */,
				257C1A211CB5426400D3B079 /* rain.mp3 in Resources */,
				B25FB8DF1CB4C5E400B2B10F /* cafe.mp3 in Resources */,
				B2DC16041CB7923A0019587C /* tab1_icon.png in Resources */,
				B25FB8CB1CB4A5A200B2B10F /* waterstream.png in Resources */,
				B25FB8C51CB4A5A200B2B10F /* PS_BG.png in Resources */,
				B25FB8E51CB4C5E400B2B10F /* seaside.mp3 in Resources */,
				B25FB8E91CB4C5E400B2B10F /* wind.mp3 in Resources */,
				B25FB8C91CB4A5A200B2B10F /* train.png in Resources */,
				B25FB8C41CB4A5A200B2B10F /* moon.png in Resources */,
				B25FB8C71CB4A5A200B2B10F /* seaside.png in Resources */,
				B25FB8E71CB4C5E400B2B10F /* water.mp3 in Resources */,
				B230542A1CB215E600D0C389 /* Main.storyboard in Resources */,
				B25FB8E41CB4C5E400B2B10F /* moon.mp3 in Resources */,
				B23054411CB21EA800D0C389 /* MuzikCell.xib in Resources */,
				B25FB8C01CB4A5A200B2B10F /* fan.png in Resources */,
				B25FB8E01CB4C5E400B2B10F /* fan.mp3 in Resources */,
				B25FB8CA1CB4A5A200B2B10F /* water.png in Resources */,
			);
			runOnlyForDeploymentPostprocessing = 0;
		};
/* End PBXResourcesBuildPhase section */

/* Begin PBXSourcesBuildPhase section */
		B230541D1CB215E600D0C389 /* Sources */ = {
			isa = PBXSourcesBuildPhase;
			buildActionMask = 2147483647;
			files = (
				B230543A1CB21A4B00D0C389 /* IMuzikViewController.swift in Sources */,
				B23054401CB21EA800D0C389 /* MuzikCell.swift in Sources */,
				B23054271CB215E600D0C389 /* ViewController.swift in Sources */,
				B23054251CB215E600D0C389 /* AppDelegate.swift in Sources */,
				B230543C1CB21AFF00D0C389 /* SettingViewController.swift in Sources */,
				25ECF6021CB3E96B0002DB87 /* UIImageExt.swift in Sources */,
			);
			runOnlyForDeploymentPostprocessing = 0;
		};
/* End PBXSourcesBuildPhase section */

/* Begin PBXVariantGroup section */
		B23054281CB215E600D0C389 /* Main.storyboard */ = {
			isa = PBXVariantGroup;
			children = (
				B23054291CB215E600D0C389 /* Base */,
			);
			name = Main.storyboard;
			sourceTree = "<group>";
		};
		B230542D1CB215E600D0C389 /* LaunchScreen.storyboard */ = {
			isa = PBXVariantGroup;
			children = (
				B230542E1CB215E600D0C389 /* Base */,
			);
			name = LaunchScreen.storyboard;
			sourceTree = "<group>";
		};
/* End PBXVariantGroup section */

/* Begin XCBuildConfiguration section */
		B23054311CB215E600D0C389 /* Debug */ = {
			isa = XCBuildConfiguration;
			buildSettings = {
				ALWAYS_SEARCH_USER_PATHS = NO;
				CLANG_ANALYZER_NONNULL = YES;
				CLANG_CXX_LANGUAGE_STANDARD = "gnu++0x";
				CLANG_CXX_LIBRARY = "libc++";
				CLANG_ENABLE_MODULES = YES;
				CLANG_ENABLE_OBJC_ARC = YES;
				CLANG_WARN_BOOL_CONVERSION = YES;
				CLANG_WARN_CONSTANT_CONVERSION = YES;
				CLANG_WARN_DIRECT_OBJC_ISA_USAGE = YES_ERROR;
				CLANG_WARN_EMPTY_BODY = YES;
				CLANG_WARN_ENUM_CONVERSION = YES;
				CLANG_WARN_INT_CONVERSION = YES;
				CLANG_WARN_OBJC_ROOT_CLASS = YES_ERROR;
				CLANG_WARN_UNREACHABLE_CODE = YES;
				CLANG_WARN__DUPLICATE_METHOD_MATCH = YES;
				"CODE_SIGN_IDENTITY[sdk=iphoneos*]" = "iPhone Developer";
				COPY_PHASE_STRIP = NO;
				DEBUG_INFORMATION_FORMAT = dwarf;
				ENABLE_STRICT_OBJC_MSGSEND = YES;
				ENABLE_TESTABILITY = YES;
				GCC_C_LANGUAGE_STANDARD = gnu99;
				GCC_DYNAMIC_NO_PIC = NO;
				GCC_NO_COMMON_BLOCKS = YES;
				GCC_OPTIMIZATION_LEVEL = 0;
				GCC_PREPROCESSOR_DEFINITIONS = (
					"DEBUG=1",
					"$(inherited)",
				);
				GCC_WARN_64_TO_32_BIT_CONVERSION = YES;
				GCC_WARN_ABOUT_RETURN_TYPE = YES_ERROR;
				GCC_WARN_UNDECLARED_SELECTOR = YES;
				GCC_WARN_UNINITIALIZED_AUTOS = YES_AGGRESSIVE;
				GCC_WARN_UNUSED_FUNCTION = YES;
				GCC_WARN_UNUSED_VARIABLE = YES;
				IPHONEOS_DEPLOYMENT_TARGET = 9.3;
				MTL_ENABLE_DEBUG_INFO = YES;
				ONLY_ACTIVE_ARCH = YES;
				SDKROOT = iphoneos;
				SWIFT_OPTIMIZATION_LEVEL = "-Onone";
				TARGETED_DEVICE_FAMILY = "1,2";
			};
			name = Debug;
		};
		B23054321CB215E600D0C389 /* Release */ = {
			isa = XCBuildConfiguration;
			buildSettings = {
				ALWAYS_SEARCH_USER_PATHS = NO;
				CLANG_ANALYZER_NONNULL = YES;
				CLANG_CXX_LANGUAGE_STANDARD = "gnu++0x";
				CLANG_CXX_LIBRARY = "libc++";
				CLANG_ENABLE_MODULES = YES;
				CLANG_ENABLE_OBJC_ARC = YES;
				CLANG_WARN_BOOL_CONVERSION = YES;
				CLANG_WARN_CONSTANT_CONVERSION = YES;
				CLANG_WARN_DIRECT_OBJC_ISA_USAGE = YES_ERROR;
				CLANG_WARN_EMPTY_BODY = YES;
				CLANG_WARN_ENUM_CONVERSION = YES;
				CLANG_WARN_INT_CONVERSION = YES;
				CLANG_WARN_OBJC_ROOT_CLASS = YES_ERROR;
				CLANG_WARN_UNREACHABLE_CODE = YES;
				CLANG_WARN__DUPLICATE_METHOD_MATCH = YES;
				"CODE_SIGN_IDENTITY[sdk=iphoneos*]" = "iPhone Developer";
				COPY_PHASE_STRIP = NO;
				DEBUG_INFORMATION_FORMAT = "dwarf-with-dsym";
				ENABLE_NS_ASSERTIONS = NO;
				ENABLE_STRICT_OBJC_MSGSEND = YES;
				GCC_C_LANGUAGE_STANDARD = gnu99;
				GCC_NO_COMMON_BLOCKS = YES;
				GCC_WARN_64_TO_32_BIT_CONVERSION = YES;
				GCC_WARN_ABOUT_RETURN_TYPE = YES_ERROR;
				GCC_WARN_UNDECLARED_SELECTOR = YES;
				GCC_WARN_UNINITIALIZED_AUTOS = YES_AGGRESSIVE;
				GCC_WARN_UNUSED_FUNCTION = YES;
				GCC_WARN_UNUSED_VARIABLE = YES;
				IPHONEOS_DEPLOYMENT_TARGET = 9.3;
				MTL_ENABLE_DEBUG_INFO = NO;
				SDKROOT = iphoneos;
				TARGETED_DEVICE_FAMILY = "1,2";
				VALIDATE_PRODUCT = YES;
			};
			name = Release;
		};
		B23054341CB215E600D0C389 /* Debug */ = {
			isa = XCBuildConfiguration;
			buildSettings = {
				ASSETCATALOG_COMPILER_APPICON_NAME = AppIcon;
				INFOPLIST_FILE = MixApp/Info.plist;
				IPHONEOS_DEPLOYMENT_TARGET = 8.4;
				LD_RUNPATH_SEARCH_PATHS = "$(inherited) @executable_path/Frameworks";
				PRODUCT_BUNDLE_IDENTIFIER = com.thjnh195.MixApp;
				PRODUCT_NAME = "$(TARGET_NAME)";
			};
			name = Debug;
		};
		B23054351CB215E600D0C389 /* Release */ = {
			isa = XCBuildConfiguration;
			buildSettings = {
				ASSETCATALOG_COMPILER_APPICON_NAME = AppIcon;
				INFOPLIST_FILE = MixApp/Info.plist;
				IPHONEOS_DEPLOYMENT_TARGET = 8.4;
				LD_RUNPATH_SEARCH_PATHS = "$(inherited) @executable_path/Frameworks";
				PRODUCT_BUNDLE_IDENTIFIER = com.thjnh195.MixApp;
				PRODUCT_NAME = "$(TARGET_NAME)";
			};
			name = Release;
		};
/* End XCBuildConfiguration section */

/* Begin XCConfigurationList section */
		B230541C1CB215E600D0C389 /* Build configuration list for PBXProject "MixApp" */ = {
			isa = XCConfigurationList;
			buildConfigurations = (
				B23054311CB215E600D0C389 /* Debug */,
				B23054321CB215E600D0C389 /* Release */,
			);
			defaultConfigurationIsVisible = 0;
			defaultConfigurationName = Release;
		};
		B23054331CB215E600D0C389 /* Build configuration list for PBXNativeTarget "MixApp" */ = {
			isa = XCConfigurationList;
			buildConfigurations = (
				B23054341CB215E600D0C389 /* Debug */,
				B23054351CB215E600D0C389 /* Release */,
			);
			defaultConfigurationIsVisible = 0;
			defaultConfigurationName = Release;
		};
/* End XCConfigurationList section */
	};
	rootObject = B23054191CB215E600D0C389 /* Project object */;
}
