// !$*UTF8*$!
{
	archiveVersion = 1;
	classes = {
	};
	objectVersion = 46;
	objects = {

/* Begin PBXBuildFile section */
		B23054251CB215E600D0C389 /* AppDelegate.swift in Sources */ = {isa = PBXBuildFile; fileRef = B23054241CB215E600D0C389 /* AppDelegate.swift */; };
		B23054271CB215E600D0C389 /* ViewController.swift in Sources */ = {isa = PBXBuildFile; fileRef = B23054261CB215E600D0C389 /* ViewController.swift */; };
		B230542A1CB215E600D0C389 /* Main.storyboard in Resources */ = {isa = PBXBuildFile; fileRef = B23054281CB215E600D0C389 /* Main.storyboard */; };
		B230542C1CB215E600D0C389 /* Assets.xcassets in Resources */ = {isa = PBXBuildFile; fileRef = B230542B1CB215E600D0C389 /* Assets.xcassets */; };
		B230542F1CB215E600D0C389 /* LaunchScreen.storyboard in Resources */ = {isa = PBXBuildFile; fileRef = B230542D1CB215E600D0C389 /* LaunchScreen.storyboard */; };
		B230543A1CB21A4B00D0C389 /* IMuzikViewController.swift in Sources */ = {isa = PBXBuildFile; fileRef = B23054391CB21A4B00D0C389 /* IMuzikViewController.swift */; };
		B230543C1CB21AFF00D0C389 /* SettingViewController.swift in Sources */ = {isa = PBXBuildFile; fileRef = B230543B1CB21AFF00D0C389 /* SettingViewController.swift */; };
		B23054401CB21EA800D0C389 /* MuzikCell.swift in Sources */ = {isa = PBXBuildFile; fileRef = B230543E1CB21EA800D0C389 /* MuzikCell.swift */; };
		B23054411CB21EA800D0C389 /* MuzikCell.xib in Resources */ = {isa = PBXBuildFile; fileRef = B230543F1CB21EA800D0C389 /* MuzikCell.xib */; };
/* End PBXBuildFile section */

/* Begin PBXFileReference section */
		B23054211CB215E600D0C389 /* MixApp.app */ = {isa = PBXFileReference; explicitFileType = wrapper.application; includeInIndex = 0; path = MixApp.app; sourceTree = BUILT_PRODUCTS_DIR; };
		B23054241CB215E600D0C389 /* AppDelegate.swift */ = {isa = PBXFileReference; lastKnownFileType = sourcecode.swift; path = AppDelegate.swift; sourceTree = "<group>"; };
		B23054261CB215E600D0C389 /* ViewController.swift */ = {isa = PBXFileReference; lastKnownFileType = sourcecode.swift; path = ViewController.swift; sourceTree = "<group>"; };
		B23054291CB215E600D0C389 /* Base */ = {isa = PBXFileReference; lastKnownFileType = file.storyboard; name = Base; path = Base.lproj/Main.storyboard; sourceTree = "<group>"; };
		B230542B1CB215E600D0C389 /* Assets.xcassets */ = {isa = PBXFileReference; lastKnownFileType = folder.assetcatalog; path = Assets.xcassets; sourceTree = "<group>"; };
		B230542E1CB215E600D0C389 /* Base */ = {isa = PBXFileReference; lastKnownFileType = file.storyboard; name = Base; path = Base.lproj/LaunchScreen.storyboard; sourceTree = "<group>"; };
		B23054301CB215E600D0C389 /* Info.plist */ = {isa = PBXFileReference; lastKnownFileType = text.plist.xml; path = Info.plist; sourceTree = "<group>"; };
		B23054391CB21A4B00D0C389 /* IMuzikViewController.swift */ = {isa = PBXFileReference; fileEncoding = 4; lastKnownFileType = sourcecode.swift; name = IMuzikViewController.swift; path = ViewController/IMuzikViewController.swift; sourceTree = "<group>"; };
		B230543B1CB21AFF00D0C389 /* SettingViewController.swift */ = {isa = PBXFileReference; fileEncoding = 4; lastKnownFileType = sourcecode.swift; name = SettingViewController.swift; path = ViewController/SettingViewController.swift; sourceTree = "<group>"; };
		B230543E1CB21EA800D0C389 /* MuzikCell.swift */ = {isa = PBXFileReference; fileEncoding = 4; lastKnownFileType = sourcecode.swift; name = MuzikCell.swift; path = CustomCell/MuzikCell.swift; sourceTree = "<group>"; };
		B230543F1CB21EA800D0C389 /* MuzikCell.xib */ = {isa = PBXFileReference; fileEncoding = 4; lastKnownFileType = file.xib; name = MuzikCell.xib; path = CustomCell/MuzikCell.xib; sourceTree = "<group>"; };
/* End PBXFileReference section */

/* Begin PBXFrameworksBuildPhase section */
		B230541E1CB215E600D0C389 /* Frameworks */ = {
			isa = PBXFrameworksBuildPhase;
			buildActionMask = 2147483647;
			files = (
			);
			runOnlyForDeploymentPostprocessing = 0;
		};
/* End PBXFrameworksBuildPhase section */

/* Begin PBXGroup section */
		B23054181CB215E600D0C389 = {
			isa = PBXGroup;
			children = (
				B23054231CB215E600D0C389 /* MixApp */,
				B23054221CB215E600D0C389 /* Products */,
			);
			sourceTree = "<group>";
		};
		B23054221CB215E600D0C389 /* Products */ = {
			isa = PBXGroup;
			children = (
				B23054211CB215E600D0C389 /* MixApp.app */,
			);
			name = Products;
			sourceTree = "<group>";
		};
		B23054231CB215E600D0C389 /* MixApp */ = {
			isa = PBXGroup;
			children = (
				B230543D1CB21E6E00D0C389 /* CustomCell */,
				B23054361CB219D800D0C389 /* ViewController */,
				B23054241CB215E600D0C389 /* AppDelegate.swift */,
				B23054261CB215E600D0C389 /* ViewController.swift */,
				B23054281CB215E600D0C389 /* Main.storyboard */,
				B230542B1CB215E600D0C389 /* Assets.xcassets */,
				B230542D1CB215E600D0C389 /* LaunchScreen.storyboard */,
				B23054301CB215E600D0C389 /* Info.plist */,
			);
			path = MixApp;
			sourceTree = "<group>";
		};
		B23054361CB219D800D0C389 /* ViewController */ = {
			isa = PBXGroup;
			children = (
				B23054391CB21A4B00D0C389 /* IMuzikViewController.swift */,
				B230543B1CB21AFF00D0C389 /* SettingViewController.swift */,
			);
			name = ViewController;
			sourceTree = "<group>";
		};
		B230543D1CB21E6E00D0C389 /* CustomCell */ = {
			isa = PBXGroup;
			children = (
				B230543E1CB21EA800D0C389 /* MuzikCell.swift */,
				B230543F1CB21EA800D0C389 /* MuzikCell.xib */,
			);
			name = CustomCell;
			sourceTree = "<group>";
		};
/* End PBXGroup section */

/* Begin PBXNativeTarget section */
		B23054201CB215E600D0C389 /* MixApp */ = {
			isa = PBXNativeTarget;
			buildConfigurationList = B23054331CB215E600D0C389 /* Build configuration list for PBXNativeTarget "MixApp" */;
			buildPhases = (
				B230541D1CB215E600D0C389 /* Sources */,
				B230541E1CB215E600D0C389 /* Frameworks */,
				B230541F1CB215E600D0C389 /* Resources */,
			);
			buildRules = (
			);
			dependencies = (
			);
			name = MixApp;
			productName = MixApp;
			productReference = B23054211CB215E600D0C389 /* MixApp.app */;
			productType = "com.apple.product-type.application";
		};
/* End PBXNativeTarget section */

/* Begin PBXProject section */
		B23054191CB215E600D0C389 /* Project object */ = {
			isa = PBXProject;
			attributes = {
				LastSwiftUpdateCheck = 0730;
				LastUpgradeCheck = 0730;
				ORGANIZATIONNAME = "Thinh Nguyen";
				TargetAttributes = {
					B23054201CB215E600D0C389 = {
						CreatedOnToolsVersion = 7.3;
					};
				};
			};
			buildConfigurationList = B230541C1CB215E600D0C389 /* Build configuration list for PBXProject "MixApp" */;
			compatibilityVersion = "Xcode 3.2";
			developmentRegion = English;
			hasScannedForEncodings = 0;
			knownRegions = (
				en,
				Base,
			);
			mainGroup = B23054181CB215E600D0C389;
			productRefGroup = B23054221CB215E600D0C389 /* Products */;
			projectDirPath = "";
			projectRoot = "";
			targets = (
				B23054201CB215E600D0C389 /* MixApp */,
			);
		};
/* End PBXProject section */

/* Begin PBXResourcesBuildPhase section */
		B230541F1CB215E600D0C389 /* Resources */ = {
			isa = PBXResourcesBuildPhase;
			buildActionMask = 2147483647;
			files = (
				B230542F1CB215E600D0C389 /* LaunchScreen.storyboard in Resources */,
				B230542C1CB215E600D0C389 /* Assets.xcassets in Resources */,
				B230542A1CB215E600D0C389 /* Main.storyboard in Resources */,
				B23054411CB21EA800D0C389 /* MuzikCell.xib in Resources */,
			);
			runOnlyForDeploymentPostprocessing = 0;
		};
/* End PBXResourcesBuildPhase section */

/* Begin PBXSourcesBuildPhase section */
		B230541D1CB215E600D0C389 /* Sources */ = {
			isa = PBXSourcesBuildPhase;
			buildActionMask = 2147483647;
			files = (
				B230543A1CB21A4B00D0C389 /* IMuzikViewController.swift in Sources */,
				B23054401CB21EA800D0C389 /* MuzikCell.swift in Sources */,
				B23054271CB215E600D0C389 /* ViewController.swift in Sources */,
				B23054251CB215E600D0C389 /* AppDelegate.swift in Sources */,
				B230543C1CB21AFF00D0C389 /* SettingViewController.swift in Sources */,
			);
			runOnlyForDeploymentPostprocessing = 0;
		};
/* End PBXSourcesBuildPhase section */

/* Begin PBXVariantGroup section */
		B23054281CB215E600D0C389 /* Main.storyboard */ = {
			isa = PBXVariantGroup;
			children = (
				B23054291CB215E600D0C389 /* Base */,
			);
			name = Main.storyboard;
			sourceTree = "<group>";
		};
		B230542D1CB215E600D0C389 /* LaunchScreen.storyboard */ = {
			isa = PBXVariantGroup;
			children = (
				B230542E1CB215E600D0C389 /* Base */,
			);
			name = LaunchScreen.storyboard;
			sourceTree = "<group>";
		};
/* End PBXVariantGroup section */

/* Begin XCBuildConfiguration section */
		B23054311CB215E600D0C389 /* Debug */ = {
			isa = XCBuildConfiguration;
			buildSettings = {
				ALWAYS_SEARCH_USER_PATHS = NO;
				CLANG_ANALYZER_NONNULL = YES;
				CLANG_CXX_LANGUAGE_STANDARD = "gnu++0x";
				CLANG_CXX_LIBRARY = "libc++";
				CLANG_ENABLE_MODULES = YES;
				CLANG_ENABLE_OBJC_ARC = YES;
				CLANG_WARN_BOOL_CONVERSION = YES;
				CLANG_WARN_CONSTANT_CONVERSION = YES;
				CLANG_WARN_DIRECT_OBJC_ISA_USAGE = YES_ERROR;
				CLANG_WARN_EMPTY_BODY = YES;
				CLANG_WARN_ENUM_CONVERSION = YES;
				CLANG_WARN_INT_CONVERSION = YES;
				CLANG_WARN_OBJC_ROOT_CLASS = YES_ERROR;
				CLANG_WARN_UNREACHABLE_CODE = YES;
				CLANG_WARN__DUPLICATE_METHOD_MATCH = YES;
				"CODE_SIGN_IDENTITY[sdk=iphoneos*]" = "iPhone Developer";
				COPY_PHASE_STRIP = NO;
				DEBUG_INFORMATION_FORMAT = dwarf;
				ENABLE_STRICT_OBJC_MSGSEND = YES;
				ENABLE_TESTABILITY = YES;
				GCC_C_LANGUAGE_STANDARD = gnu99;
				GCC_DYNAMIC_NO_PIC = NO;
				GCC_NO_COMMON_BLOCKS = YES;
				GCC_OPTIMIZATION_LEVEL = 0;
				GCC_PREPROCESSOR_DEFINITIONS = (
					"DEBUG=1",
					"$(inherited)",
				);
				GCC_WARN_64_TO_32_BIT_CONVERSION = YES;
				GCC_WARN_ABOUT_RETURN_TYPE = YES_ERROR;
				GCC_WARN_UNDECLARED_SELECTOR = YES;
				GCC_WARN_UNINITIALIZED_AUTOS = YES_AGGRESSIVE;
				GCC_WARN_UNUSED_FUNCTION = YES;
				GCC_WARN_UNUSED_VARIABLE = YES;
				IPHONEOS_DEPLOYMENT_TARGET = 9.3;
				MTL_ENABLE_DEBUG_INFO = YES;
				ONLY_ACTIVE_ARCH = YES;
				SDKROOT = iphoneos;
				SWIFT_OPTIMIZATION_LEVEL = "-Onone";
				TARGETED_DEVICE_FAMILY = "1,2";
			};
			name = Debug;
		};
		B23054321CB215E600D0C389 /* Release */ = {
			isa = XCBuildConfiguration;
			buildSettings = {
				ALWAYS_SEARCH_USER_PATHS = NO;
				CLANG_ANALYZER_NONNULL = YES;
				CLANG_CXX_LANGUAGE_STANDARD = "gnu++0x";
				CLANG_CXX_LIBRARY = "libc++";
				CLANG_ENABLE_MODULES = YES;
				CLANG_ENABLE_OBJC_ARC = YES;
				CLANG_WARN_BOOL_CONVERSION = YES;
				CLANG_WARN_CONSTANT_CONVERSION = YES;
				CLANG_WARN_DIRECT_OBJC_ISA_USAGE = YES_ERROR;
				CLANG_WARN_EMPTY_BODY = YES;
				CLANG_WARN_ENUM_CONVERSION = YES;
				CLANG_WARN_INT_CONVERSION = YES;
				CLANG_WARN_OBJC_ROOT_CLASS = YES_ERROR;
				CLANG_WARN_UNREACHABLE_CODE = YES;
				CLANG_WARN__DUPLICATE_METHOD_MATCH = YES;
				"CODE_SIGN_IDENTITY[sdk=iphoneos*]" = "iPhone Developer";
				COPY_PHASE_STRIP = NO;
				DEBUG_INFORMATION_FORMAT = "dwarf-with-dsym";
				ENABLE_NS_ASSERTIONS = NO;
				ENABLE_STRICT_OBJC_MSGSEND = YES;
				GCC_C_LANGUAGE_STANDARD = gnu99;
				GCC_NO_COMMON_BLOCKS = YES;
				GCC_WARN_64_TO_32_BIT_CONVERSION = YES;
				GCC_WARN_ABOUT_RETURN_TYPE = YES_ERROR;
				GCC_WARN_UNDECLARED_SELECTOR = YES;
				GCC_WARN_UNINITIALIZED_AUTOS = YES_AGGRESSIVE;
				GCC_WARN_UNUSED_FUNCTION = YES;
				GCC_WARN_UNUSED_VARIABLE = YES;
				IPHONEOS_DEPLOYMENT_TARGET = 9.3;
				MTL_ENABLE_DEBUG_INFO = NO;
				SDKROOT = iphoneos;
				TARGETED_DEVICE_FAMILY = "1,2";
				VALIDATE_PRODUCT = YES;
			};
			name = Release;
		};
		B23054341CB215E600D0C389 /* Debug */ = {
			isa = XCBuildConfiguration;
			buildSettings = {
				ASSETCATALOG_COMPILER_APPICON_NAME = AppIcon;
				INFOPLIST_FILE = MixApp/Info.plist;
				LD_RUNPATH_SEARCH_PATHS = "$(inherited) @executable_path/Frameworks";
				PRODUCT_BUNDLE_IDENTIFIER = com.thjnh195.MixApp;
				PRODUCT_NAME = "$(TARGET_NAME)";
			};
			name = Debug;
		};
		B23054351CB215E600D0C389 /* Release */ = {
			isa = XCBuildConfiguration;
			buildSettings = {
				ASSETCATALOG_COMPILER_APPICON_NAME = AppIcon;
				INFOPLIST_FILE = MixApp/Info.plist;
				LD_RUNPATH_SEARCH_PATHS = "$(inherited) @executable_path/Frameworks";
				PRODUCT_BUNDLE_IDENTIFIER = com.thjnh195.MixApp;
				PRODUCT_NAME = "$(TARGET_NAME)";
			};
			name = Release;
		};
/* End XCBuildConfiguration section */

/* Begin XCConfigurationList section */
		B230541C1CB215E600D0C389 /* Build configuration list for PBXProject "MixApp" */ = {
			isa = XCConfigurationList;
			buildConfigurations = (
				B23054311CB215E600D0C389 /* Debug */,
				B23054321CB215E600D0C389 /* Release */,
			);
			defaultConfigurationIsVisible = 0;
			defaultConfigurationName = Release;
		};
		B23054331CB215E600D0C389 /* Build configuration list for PBXNativeTarget "MixApp" */ = {
			isa = XCConfigurationList;
			buildConfigurations = (
				B23054341CB215E600D0C389 /* Debug */,
				B23054351CB215E600D0C389 /* Release */,
			);
			defaultConfigurationIsVisible = 0;
		};
/* End XCConfigurationList section */
	};
	rootObject = B23054191CB215E600D0C389 /* Project object */;
}
